
Microsoft Visual Studio Solution File, Format Version 12.00
# Visual Studio Version 17
VisualStudioVersion = 17.1.32328.378
MinimumVisualStudioVersion = 10.0.40219.1
Project("{FAE04EC0-301F-11D3-BF4B-00C04F79EFBC}") = "AlgorithmPrograms", "AlgorithmPrograms.csproj", "{C75EAAE8-BDF7-462C-BDF5-1965AAA35BEF}"
EndProject
Global
	GlobalSection(SolutionConfigurationPlatforms) = preSolution
		Debug|Any CPU = Debug|Any CPU
		Release|Any CPU = Release|Any CPU
	EndGlobalSection
	GlobalSection(ProjectConfigurationPlatforms) = postSolution
		{C75EAAE8-BDF7-462C-BDF5-1965AAA35BEF}.Debug|Any CPU.ActiveCfg = Debug|Any CPU
		{C75EAAE8-BDF7-462C-BDF5-1965AAA35BEF}.Debug|Any CPU.Build.0 = Debug|Any CPU
		{C75EAAE8-BDF7-462C-BDF5-1965AAA35BEF}.Release|Any CPU.ActiveCfg = Release|Any CPU
		{C75EAAE8-BDF7-462C-BDF5-1965AAA35BEF}.Release|Any CPU.Build.0 = Release|Any CPU
	EndGlobalSection
	GlobalSection(SolutionProperties) = preSolution
		HideSolutionNode = FALSE
	EndGlobalSection
	GlobalSection(ExtensibilityGlobals) = postSolution
		SolutionGuid = {D1523F6F-D900-4116-A048-99C59C88B69C}
	EndGlobalSection
EndGlobal
